// !$*UTF8*$!
{
	archiveVersion = 1;
	classes = {
	};
	objectVersion = 56;
	objects = {

/* Begin PBXBuildFile section */
		52AAC4F92BA87AB500762CEF /* UnifiedAudioQueueApp.swift in Sources */ = {isa = PBXBuildFile; fileRef = 52AAC4F82BA87AB500762CEF /* UnifiedAudioQueueApp.swift */; };
		52AAC4FB2BA87AB500762CEF /* ContentView.swift in Sources */ = {isa = PBXBuildFile; fileRef = 52AAC4FA2BA87AB500762CEF /* ContentView.swift */; };
		52AAC4FD2BA87AB700762CEF /* Assets.xcassets in Resources */ = {isa = PBXBuildFile; fileRef = 52AAC4FC2BA87AB700762CEF /* Assets.xcassets */; };
		52AAC5002BA87AB700762CEF /* Preview Assets.xcassets in Resources */ = {isa = PBXBuildFile; fileRef = 52AAC4FF2BA87AB700762CEF /* Preview Assets.xcassets */; };
		52AAC50A2BA87AB700762CEF /* UnifiedAudioQueueTests.swift in Sources */ = {isa = PBXBuildFile; fileRef = 52AAC5092BA87AB700762CEF /* UnifiedAudioQueueTests.swift */; };
		52AAC5142BA87AB700762CEF /* UnifiedAudioQueueUITests.swift in Sources */ = {isa = PBXBuildFile; fileRef = 52AAC5132BA87AB700762CEF /* UnifiedAudioQueueUITests.swift */; };
		52AAC5162BA87AB700762CEF /* UnifiedAudioQueueUITestsLaunchTests.swift in Sources */ = {isa = PBXBuildFile; fileRef = 52AAC5152BA87AB700762CEF /* UnifiedAudioQueueUITestsLaunchTests.swift */; };
/* End PBXBuildFile section */

/* Begin PBXContainerItemProxy section */
		52AAC5062BA87AB700762CEF /* PBXContainerItemProxy */ = {
			isa = PBXContainerItemProxy;
			containerPortal = 52AAC4ED2BA87AB500762CEF /* Project object */;
			proxyType = 1;
			remoteGlobalIDString = 52AAC4F42BA87AB500762CEF;
			remoteInfo = UnifiedAudioQueue;
		};
		52AAC5102BA87AB700762CEF /* PBXContainerItemProxy */ = {
			isa = PBXContainerItemProxy;
			containerPortal = 52AAC4ED2BA87AB500762CEF /* Project object */;
			proxyType = 1;
			remoteGlobalIDString = 52AAC4F42BA87AB500762CEF;
			remoteInfo = UnifiedAudioQueue;
		};
/* End PBXContainerItemProxy section */

/* Begin PBXFileReference section */
		52AAC4F52BA87AB500762CEF /* UnifiedAudioQueue.app */ = {isa = PBXFileReference; explicitFileType = wrapper.application; includeInIndex = 0; path = UnifiedAudioQueue.app; sourceTree = BUILT_PRODUCTS_DIR; };
		52AAC4F82BA87AB500762CEF /* UnifiedAudioQueueApp.swift */ = {isa = PBXFileReference; lastKnownFileType = sourcecode.swift; path = UnifiedAudioQueueApp.swift; sourceTree = "<group>"; };
		52AAC4FA2BA87AB500762CEF /* ContentView.swift */ = {isa = PBXFileReference; lastKnownFileType = sourcecode.swift; path = ContentView.swift; sourceTree = "<group>"; };
		52AAC4FC2BA87AB700762CEF /* Assets.xcassets */ = {isa = PBXFileReference; lastKnownFileType = folder.assetcatalog; path = Assets.xcassets; sourceTree = "<group>"; };
		52AAC4FF2BA87AB700762CEF /* Preview Assets.xcassets */ = {isa = PBXFileReference; lastKnownFileType = folder.assetcatalog; path = "Preview Assets.xcassets"; sourceTree = "<group>"; };
		52AAC5052BA87AB700762CEF /* UnifiedAudioQueueTests.xctest */ = {isa = PBXFileReference; explicitFileType = wrapper.cfbundle; includeInIndex = 0; path = UnifiedAudioQueueTests.xctest; sourceTree = BUILT_PRODUCTS_DIR; };
		52AAC5092BA87AB700762CEF /* UnifiedAudioQueueTests.swift */ = {isa = PBXFileReference; lastKnownFileType = sourcecode.swift; path = UnifiedAudioQueueTests.swift; sourceTree = "<group>"; };
		52AAC50F2BA87AB700762CEF /* UnifiedAudioQueueUITests.xctest */ = {isa = PBXFileReference; explicitFileType = wrapper.cfbundle; includeInIndex = 0; path = UnifiedAudioQueueUITests.xctest; sourceTree = BUILT_PRODUCTS_DIR; };
		52AAC5132BA87AB700762CEF /* UnifiedAudioQueueUITests.swift */ = {isa = PBXFileReference; lastKnownFileType = sourcecode.swift; path = UnifiedAudioQueueUITests.swift; sourceTree = "<group>"; };
		52AAC5152BA87AB700762CEF /* UnifiedAudioQueueUITestsLaunchTests.swift */ = {isa = PBXFileReference; lastKnownFileType = sourcecode.swift; path = UnifiedAudioQueueUITestsLaunchTests.swift; sourceTree = "<group>"; };
/* End PBXFileReference section */

/* Begin PBXFrameworksBuildPhase section */
		52AAC4F22BA87AB500762CEF /* Frameworks */ = {
			isa = PBXFrameworksBuildPhase;
			buildActionMask = 2147483647;
			files = (
			);
			runOnlyForDeploymentPostprocessing = 0;
		};
		52AAC5022BA87AB700762CEF /* Frameworks */ = {
			isa = PBXFrameworksBuildPhase;
			buildActionMask = 2147483647;
			files = (
			);
			runOnlyForDeploymentPostprocessing = 0;
		};
		52AAC50C2BA87AB700762CEF /* Frameworks */ = {
			isa = PBXFrameworksBuildPhase;
			buildActionMask = 2147483647;
			files = (
			);
			runOnlyForDeploymentPostprocessing = 0;
		};
/* End PBXFrameworksBuildPhase section */

/* Begin PBXGroup section */
		52AAC4EC2BA87AB500762CEF = {
			isa = PBXGroup;
			children = (
				52AAC4F72BA87AB500762CEF /* UnifiedAudioQueue */,
				52AAC5082BA87AB700762CEF /* UnifiedAudioQueueTests */,
				52AAC5122BA87AB700762CEF /* UnifiedAudioQueueUITests */,
				52AAC4F62BA87AB500762CEF /* Products */,
			);
			sourceTree = "<group>";
		};
		52AAC4F62BA87AB500762CEF /* Products */ = {
			isa = PBXGroup;
			children = (
				52AAC4F52BA87AB500762CEF /* UnifiedAudioQueue.app */,
				52AAC5052BA87AB700762CEF /* UnifiedAudioQueueTests.xctest */,
				52AAC50F2BA87AB700762CEF /* UnifiedAudioQueueUITests.xctest */,
			);
			name = Products;
			sourceTree = "<group>";
		};
		52AAC4F72BA87AB500762CEF /* UnifiedAudioQueue */ = {
			isa = PBXGroup;
			children = (
				52AAC4F82BA87AB500762CEF /* UnifiedAudioQueueApp.swift */,
				52AAC4FA2BA87AB500762CEF /* ContentView.swift */,
				52AAC4FC2BA87AB700762CEF /* Assets.xcassets */,
				52AAC4FE2BA87AB700762CEF /* Preview Content */,
			);
			path = UnifiedAudioQueue;
			sourceTree = "<group>";
		};
		52AAC4FE2BA87AB700762CEF /* Preview Content */ = {
			isa = PBXGroup;
			children = (
				52AAC4FF2BA87AB700762CEF /* Preview Assets.xcassets */,
			);
			path = "Preview Content";
			sourceTree = "<group>";
		};
		52AAC5082BA87AB700762CEF /* UnifiedAudioQueueTests */ = {
			isa = PBXGroup;
			children = (
				52AAC5092BA87AB700762CEF /* UnifiedAudioQueueTests.swift */,
			);
			path = UnifiedAudioQueueTests;
			sourceTree = "<group>";
		};
		52AAC5122BA87AB700762CEF /* UnifiedAudioQueueUITests */ = {
			isa = PBXGroup;
			children = (
				52AAC5132BA87AB700762CEF /* UnifiedAudioQueueUITests.swift */,
				52AAC5152BA87AB700762CEF /* UnifiedAudioQueueUITestsLaunchTests.swift */,
			);
			path = UnifiedAudioQueueUITests;
			sourceTree = "<group>";
		};
/* End PBXGroup section */

/* Begin PBXNativeTarget section */
		52AAC4F42BA87AB500762CEF /* UnifiedAudioQueue */ = {
			isa = PBXNativeTarget;
			buildConfigurationList = 52AAC5192BA87AB700762CEF /* Build configuration list for PBXNativeTarget "UnifiedAudioQueue" */;
			buildPhases = (
				52AAC4F12BA87AB500762CEF /* Sources */,
				52AAC4F22BA87AB500762CEF /* Frameworks */,
				52AAC4F32BA87AB500762CEF /* Resources */,
			);
			buildRules = (
			);
			dependencies = (
			);
			name = UnifiedAudioQueue;
			productName = UnifiedAudioQueue;
			productReference = 52AAC4F52BA87AB500762CEF /* UnifiedAudioQueue.app */;
			productType = "com.apple.product-type.application";
		};
		52AAC5042BA87AB700762CEF /* UnifiedAudioQueueTests */ = {
			isa = PBXNativeTarget;
			buildConfigurationList = 52AAC51C2BA87AB700762CEF /* Build configuration list for PBXNativeTarget "UnifiedAudioQueueTests" */;
			buildPhases = (
				52AAC5012BA87AB700762CEF /* Sources */,
				52AAC5022BA87AB700762CEF /* Frameworks */,
				52AAC5032BA87AB700762CEF /* Resources */,
			);
			buildRules = (
			);
			dependencies = (
				52AAC5072BA87AB700762CEF /* PBXTargetDependency */,
			);
			name = UnifiedAudioQueueTests;
			productName = UnifiedAudioQueueTests;
			productReference = 52AAC5052BA87AB700762CEF /* UnifiedAudioQueueTests.xctest */;
			productType = "com.apple.product-type.bundle.unit-test";
		};
		52AAC50E2BA87AB700762CEF /* UnifiedAudioQueueUITests */ = {
			isa = PBXNativeTarget;
			buildConfigurationList = 52AAC51F2BA87AB700762CEF /* Build configuration list for PBXNativeTarget "UnifiedAudioQueueUITests" */;
			buildPhases = (
				52AAC50B2BA87AB700762CEF /* Sources */,
				52AAC50C2BA87AB700762CEF /* Frameworks */,
				52AAC50D2BA87AB700762CEF /* Resources */,
			);
			buildRules = (
			);
			dependencies = (
				52AAC5112BA87AB700762CEF /* PBXTargetDependency */,
			);
			name = UnifiedAudioQueueUITests;
			productName = UnifiedAudioQueueUITests;
			productReference = 52AAC50F2BA87AB700762CEF /* UnifiedAudioQueueUITests.xctest */;
			productType = "com.apple.product-type.bundle.ui-testing";
		};
/* End PBXNativeTarget section */

/* Begin PBXProject section */
		52AAC4ED2BA87AB500762CEF /* Project object */ = {
			isa = PBXProject;
			attributes = {
				BuildIndependentTargetsInParallel = 1;
				LastSwiftUpdateCheck = 1530;
				LastUpgradeCheck = 1530;
				TargetAttributes = {
					52AAC4F42BA87AB500762CEF = {
						CreatedOnToolsVersion = 15.3;
					};
					52AAC5042BA87AB700762CEF = {
						CreatedOnToolsVersion = 15.3;
						TestTargetID = 52AAC4F42BA87AB500762CEF;
					};
					52AAC50E2BA87AB700762CEF = {
						CreatedOnToolsVersion = 15.3;
						TestTargetID = 52AAC4F42BA87AB500762CEF;
					};
				};
			};
			buildConfigurationList = 52AAC4F02BA87AB500762CEF /* Build configuration list for PBXProject "UnifiedAudioQueue" */;
			compatibilityVersion = "Xcode 14.0";
			developmentRegion = en;
			hasScannedForEncodings = 0;
			knownRegions = (
				en,
				Base,
			);
			mainGroup = 52AAC4EC2BA87AB500762CEF;
			productRefGroup = 52AAC4F62BA87AB500762CEF /* Products */;
			projectDirPath = "";
			projectRoot = "";
			targets = (
				52AAC4F42BA87AB500762CEF /* UnifiedAudioQueue */,
				52AAC5042BA87AB700762CEF /* UnifiedAudioQueueTests */,
				52AAC50E2BA87AB700762CEF /* UnifiedAudioQueueUITests */,
			);
		};
/* End PBXProject section */

/* Begin PBXResourcesBuildPhase section */
		52AAC4F32BA87AB500762CEF /* Resources */ = {
			isa = PBXResourcesBuildPhase;
			buildActionMask = 2147483647;
			files = (
				52AAC5002BA87AB700762CEF /* Preview Assets.xcassets in Resources */,
				52AAC4FD2BA87AB700762CEF /* Assets.xcassets in Resources */,
			);
			runOnlyForDeploymentPostprocessing = 0;
		};
		52AAC5032BA87AB700762CEF /* Resources */ = {
			isa = PBXResourcesBuildPhase;
			buildActionMask = 2147483647;
			files = (
			);
			runOnlyForDeploymentPostprocessing = 0;
		};
		52AAC50D2BA87AB700762CEF /* Resources */ = {
			isa = PBXResourcesBuildPhase;
			buildActionMask = 2147483647;
			files = (
			);
			runOnlyForDeploymentPostprocessing = 0;
		};
/* End PBXResourcesBuildPhase section */

/* Begin PBXSourcesBuildPhase section */
		52AAC4F12BA87AB500762CEF /* Sources */ = {
			isa = PBXSourcesBuildPhase;
			buildActionMask = 2147483647;
			files = (
				52AAC4FB2BA87AB500762CEF /* ContentView.swift in Sources */,
				52AAC4F92BA87AB500762CEF /* UnifiedAudioQueueApp.swift in Sources */,
			);
			runOnlyForDeploymentPostprocessing = 0;
		};
		52AAC5012BA87AB700762CEF /* Sources */ = {
			isa = PBXSourcesBuildPhase;
			buildActionMask = 2147483647;
			files = (
				52AAC50A2BA87AB700762CEF /* UnifiedAudioQueueTests.swift in Sources */,
			);
			runOnlyForDeploymentPostprocessing = 0;
		};
		52AAC50B2BA87AB700762CEF /* Sources */ = {
			isa = PBXSourcesBuildPhase;
			buildActionMask = 2147483647;
			files = (
				52AAC5162BA87AB700762CEF /* UnifiedAudioQueueUITestsLaunchTests.swift in Sources */,
				52AAC5142BA87AB700762CEF /* UnifiedAudioQueueUITests.swift in Sources */,
			);
			runOnlyForDeploymentPostprocessing = 0;
		};
/* End PBXSourcesBuildPhase section */

/* Begin PBXTargetDependency section */
		52AAC5072BA87AB700762CEF /* PBXTargetDependency */ = {
			isa = PBXTargetDependency;
			target = 52AAC4F42BA87AB500762CEF /* UnifiedAudioQueue */;
			targetProxy = 52AAC5062BA87AB700762CEF /* PBXContainerItemProxy */;
		};
		52AAC5112BA87AB700762CEF /* PBXTargetDependency */ = {
			isa = PBXTargetDependency;
			target = 52AAC4F42BA87AB500762CEF /* UnifiedAudioQueue */;
			targetProxy = 52AAC5102BA87AB700762CEF /* PBXContainerItemProxy */;
		};
/* End PBXTargetDependency section */

/* Begin XCBuildConfiguration section */
		52AAC5172BA87AB700762CEF /* Debug */ = {
			isa = XCBuildConfiguration;
			buildSettings = {
				ALWAYS_SEARCH_USER_PATHS = NO;
				ASSETCATALOG_COMPILER_GENERATE_SWIFT_ASSET_SYMBOL_EXTENSIONS = YES;
				CLANG_ANALYZER_NONNULL = YES;
				CLANG_ANALYZER_NUMBER_OBJECT_CONVERSION = YES_AGGRESSIVE;
				CLANG_CXX_LANGUAGE_STANDARD = "gnu++20";
				CLANG_ENABLE_MODULES = YES;
				CLANG_ENABLE_OBJC_ARC = YES;
				CLANG_ENABLE_OBJC_WEAK = YES;
				CLANG_WARN_BLOCK_CAPTURE_AUTORELEASING = YES;
				CLANG_WARN_BOOL_CONVERSION = YES;
				CLANG_WARN_COMMA = YES;
				CLANG_WARN_CONSTANT_CONVERSION = YES;
				CLANG_WARN_DEPRECATED_OBJC_IMPLEMENTATIONS = YES;
				CLANG_WARN_DIRECT_OBJC_ISA_USAGE = YES_ERROR;
				CLANG_WARN_DOCUMENTATION_COMMENTS = YES;
				CLANG_WARN_EMPTY_BODY = YES;
				CLANG_WARN_ENUM_CONVERSION = YES;
				CLANG_WARN_INFINITE_RECURSION = YES;
				CLANG_WARN_INT_CONVERSION = YES;
				CLANG_WARN_NON_LITERAL_NULL_CONVERSION = YES;
				CLANG_WARN_OBJC_IMPLICIT_RETAIN_SELF = YES;
				CLANG_WARN_OBJC_LITERAL_CONVERSION = YES;
				CLANG_WARN_OBJC_ROOT_CLASS = YES_ERROR;
				CLANG_WARN_QUOTED_INCLUDE_IN_FRAMEWORK_HEADER = YES;
				CLANG_WARN_RANGE_LOOP_ANALYSIS = YES;
				CLANG_WARN_STRICT_PROTOTYPES = YES;
				CLANG_WARN_SUSPICIOUS_MOVE = YES;
				CLANG_WARN_UNGUARDED_AVAILABILITY = YES_AGGRESSIVE;
				CLANG_WARN_UNREACHABLE_CODE = YES;
				CLANG_WARN__DUPLICATE_METHOD_MATCH = YES;
				COPY_PHASE_STRIP = NO;
				DEBUG_INFORMATION_FORMAT = dwarf;
				ENABLE_STRICT_OBJC_MSGSEND = YES;
				ENABLE_TESTABILITY = YES;
				ENABLE_USER_SCRIPT_SANDBOXING = YES;
				GCC_C_LANGUAGE_STANDARD = gnu17;
				GCC_DYNAMIC_NO_PIC = NO;
				GCC_NO_COMMON_BLOCKS = YES;
				GCC_OPTIMIZATION_LEVEL = 0;
				GCC_PREPROCESSOR_DEFINITIONS = (
					"DEBUG=1",
					"$(inherited)",
				);
				GCC_WARN_64_TO_32_BIT_CONVERSION = YES;
				GCC_WARN_ABOUT_RETURN_TYPE = YES_ERROR;
				GCC_WARN_UNDECLARED_SELECTOR = YES;
				GCC_WARN_UNINITIALIZED_AUTOS = YES_AGGRESSIVE;
				GCC_WARN_UNUSED_FUNCTION = YES;
				GCC_WARN_UNUSED_VARIABLE = YES;
				IPHONEOS_DEPLOYMENT_TARGET = 17.4;
				LOCALIZATION_PREFERS_STRING_CATALOGS = YES;
				MTL_ENABLE_DEBUG_INFO = INCLUDE_SOURCE;
				MTL_FAST_MATH = YES;
				ONLY_ACTIVE_ARCH = YES;
				SDKROOT = iphoneos;
				SWIFT_ACTIVE_COMPILATION_CONDITIONS = "DEBUG $(inherited)";
				SWIFT_OPTIMIZATION_LEVEL = "-Onone";
			};
			name = Debug;
		};
		52AAC5182BA87AB700762CEF /* Release */ = {
			isa = XCBuildConfiguration;
			buildSettings = {
				ALWAYS_SEARCH_USER_PATHS = NO;
				ASSETCATALOG_COMPILER_GENERATE_SWIFT_ASSET_SYMBOL_EXTENSIONS = YES;
				CLANG_ANALYZER_NONNULL = YES;
				CLANG_ANALYZER_NUMBER_OBJECT_CONVERSION = YES_AGGRESSIVE;
				CLANG_CXX_LANGUAGE_STANDARD = "gnu++20";
				CLANG_ENABLE_MODULES = YES;
				CLANG_ENABLE_OBJC_ARC = YES;
				CLANG_ENABLE_OBJC_WEAK = YES;
				CLANG_WARN_BLOCK_CAPTURE_AUTORELEASING = YES;
				CLANG_WARN_BOOL_CONVERSION = YES;
				CLANG_WARN_COMMA = YES;
				CLANG_WARN_CONSTANT_CONVERSION = YES;
				CLANG_WARN_DEPRECATED_OBJC_IMPLEMENTATIONS = YES;
				CLANG_WARN_DIRECT_OBJC_ISA_USAGE = YES_ERROR;
				CLANG_WARN_DOCUMENTATION_COMMENTS = YES;
				CLANG_WARN_EMPTY_BODY = YES;
				CLANG_WARN_ENUM_CONVERSION = YES;
				CLANG_WARN_INFINITE_RECURSION = YES;
				CLANG_WARN_INT_CONVERSION = YES;
				CLANG_WARN_NON_LITERAL_NULL_CONVERSION = YES;
				CLANG_WARN_OBJC_IMPLICIT_RETAIN_SELF = YES;
				CLANG_WARN_OBJC_LITERAL_CONVERSION = YES;
				CLANG_WARN_OBJC_ROOT_CLASS = YES_ERROR;
				CLANG_WARN_QUOTED_INCLUDE_IN_FRAMEWORK_HEADER = YES;
				CLANG_WARN_RANGE_LOOP_ANALYSIS = YES;
				CLANG_WARN_STRICT_PROTOTYPES = YES;
				CLANG_WARN_SUSPICIOUS_MOVE = YES;
				CLANG_WARN_UNGUARDED_AVAILABILITY = YES_AGGRESSIVE;
				CLANG_WARN_UNREACHABLE_CODE = YES;
				CLANG_WARN__DUPLICATE_METHOD_MATCH = YES;
				COPY_PHASE_STRIP = NO;
				DEBUG_INFORMATION_FORMAT = "dwarf-with-dsym";
				ENABLE_NS_ASSERTIONS = NO;
				ENABLE_STRICT_OBJC_MSGSEND = YES;
				ENABLE_USER_SCRIPT_SANDBOXING = YES;
				GCC_C_LANGUAGE_STANDARD = gnu17;
				GCC_NO_COMMON_BLOCKS = YES;
				GCC_WARN_64_TO_32_BIT_CONVERSION = YES;
				GCC_WARN_ABOUT_RETURN_TYPE = YES_ERROR;
				GCC_WARN_UNDECLARED_SELECTOR = YES;
				GCC_WARN_UNINITIALIZED_AUTOS = YES_AGGRESSIVE;
				GCC_WARN_UNUSED_FUNCTION = YES;
				GCC_WARN_UNUSED_VARIABLE = YES;
				IPHONEOS_DEPLOYMENT_TARGET = 17.4;
				LOCALIZATION_PREFERS_STRING_CATALOGS = YES;
				MTL_ENABLE_DEBUG_INFO = NO;
				MTL_FAST_MATH = YES;
				SDKROOT = iphoneos;
				SWIFT_COMPILATION_MODE = wholemodule;
				VALIDATE_PRODUCT = YES;
			};
			name = Release;
		};
		52AAC51A2BA87AB700762CEF /* Debug */ = {
			isa = XCBuildConfiguration;
			buildSettings = {
				ASSETCATALOG_COMPILER_APPICON_NAME = AppIcon;
				ASSETCATALOG_COMPILER_GLOBAL_ACCENT_COLOR_NAME = AccentColor;
				CODE_SIGN_STYLE = Automatic;
				CURRENT_PROJECT_VERSION = 1;
				DEVELOPMENT_ASSET_PATHS = "\"UnifiedAudioQueue/Preview Content\"";
				DEVELOPMENT_TEAM = R83647SJU4;
				ENABLE_PREVIEWS = YES;
				GENERATE_INFOPLIST_FILE = YES;
				INFOPLIST_KEY_UIApplicationSceneManifest_Generation = YES;
				INFOPLIST_KEY_UIApplicationSupportsIndirectInputEvents = YES;
				INFOPLIST_KEY_UILaunchScreen_Generation = YES;
				INFOPLIST_KEY_UISupportedInterfaceOrientations_iPad = "UIInterfaceOrientationPortrait UIInterfaceOrientationPortraitUpsideDown UIInterfaceOrientationLandscapeLeft UIInterfaceOrientationLandscapeRight";
				INFOPLIST_KEY_UISupportedInterfaceOrientations_iPhone = "UIInterfaceOrientationPortrait UIInterfaceOrientationLandscapeLeft UIInterfaceOrientationLandscapeRight";
				LD_RUNPATH_SEARCH_PATHS = (
					"$(inherited)",
					"@executable_path/Frameworks",
				);
				MARKETING_VERSION = 1.0;
				PRODUCT_BUNDLE_IDENTIFIER = JohnDeLeo.UnifiedAudioQueue;
				PRODUCT_NAME = "$(TARGET_NAME)";
				SWIFT_EMIT_LOC_STRINGS = YES;
				SWIFT_VERSION = 5.0;
				TARGETED_DEVICE_FAMILY = "1,2";
			};
			name = Debug;
		};
		52AAC51B2BA87AB700762CEF /* Release */ = {
			isa = XCBuildConfiguration;
			buildSettings = {
				ASSETCATALOG_COMPILER_APPICON_NAME = AppIcon;
				ASSETCATALOG_COMPILER_GLOBAL_ACCENT_COLOR_NAME = AccentColor;
				CODE_SIGN_STYLE = Automatic;
				CURRENT_PROJECT_VERSION = 1;
				DEVELOPMENT_ASSET_PATHS = "\"UnifiedAudioQueue/Preview Content\"";
				DEVELOPMENT_TEAM = R83647SJU4;
				ENABLE_PREVIEWS = YES;
				GENERATE_INFOPLIST_FILE = YES;
				INFOPLIST_KEY_UIApplicationSceneManifest_Generation = YES;
				INFOPLIST_KEY_UIApplicationSupportsIndirectInputEvents = YES;
				INFOPLIST_KEY_UILaunchScreen_Generation = YES;
				INFOPLIST_KEY_UISupportedInterfaceOrientations_iPad = "UIInterfaceOrientationPortrait UIInterfaceOrientationPortraitUpsideDown UIInterfaceOrientationLandscapeLeft UIInterfaceOrientationLandscapeRight";
				INFOPLIST_KEY_UISupportedInterfaceOrientations_iPhone = "UIInterfaceOrientationPortrait UIInterfaceOrientationLandscapeLeft UIInterfaceOrientationLandscapeRight";
				LD_RUNPATH_SEARCH_PATHS = (
					"$(inherited)",
					"@executable_path/Frameworks",
				);
				MARKETING_VERSION = 1.0;
				PRODUCT_BUNDLE_IDENTIFIER = JohnDeLeo.UnifiedAudioQueue;
				PRODUCT_NAME = "$(TARGET_NAME)";
				SWIFT_EMIT_LOC_STRINGS = YES;
				SWIFT_VERSION = 5.0;
				TARGETED_DEVICE_FAMILY = "1,2";
			};
			name = Release;
		};
		52AAC51D2BA87AB700762CEF /* Debug */ = {
			isa = XCBuildConfiguration;
			buildSettings = {
				ALWAYS_EMBED_SWIFT_STANDARD_LIBRARIES = YES;
				BUNDLE_LOADER = "$(TEST_HOST)";
				CODE_SIGN_STYLE = Automatic;
				CURRENT_PROJECT_VERSION = 1;
				DEVELOPMENT_TEAM = R83647SJU4;
				GENERATE_INFOPLIST_FILE = YES;
				IPHONEOS_DEPLOYMENT_TARGET = 17.4;
				MARKETING_VERSION = 1.0;
				PRODUCT_BUNDLE_IDENTIFIER = JohnDeLeo.UnifiedAudioQueueTests;
				PRODUCT_NAME = "$(TARGET_NAME)";
				SWIFT_EMIT_LOC_STRINGS = NO;
				SWIFT_VERSION = 5.0;
				TARGETED_DEVICE_FAMILY = "1,2";
				TEST_HOST = "$(BUILT_PRODUCTS_DIR)/UnifiedAudioQueue.app/$(BUNDLE_EXECUTABLE_FOLDER_PATH)/UnifiedAudioQueue";
			};
			name = Debug;
		};
		52AAC51E2BA87AB700762CEF /* Release */ = {
			isa = XCBuildConfiguration;
			buildSettings = {
				ALWAYS_EMBED_SWIFT_STANDARD_LIBRARIES = YES;
				BUNDLE_LOADER = "$(TEST_HOST)";
				CODE_SIGN_STYLE = Automatic;
				CURRENT_PROJECT_VERSION = 1;
				DEVELOPMENT_TEAM = R83647SJU4;
				GENERATE_INFOPLIST_FILE = YES;
				IPHONEOS_DEPLOYMENT_TARGET = 17.4;
				MARKETING_VERSION = 1.0;
				PRODUCT_BUNDLE_IDENTIFIER = JohnDeLeo.UnifiedAudioQueueTests;
				PRODUCT_NAME = "$(TARGET_NAME)";
				SWIFT_EMIT_LOC_STRINGS = NO;
				SWIFT_VERSION = 5.0;
				TARGETED_DEVICE_FAMILY = "1,2";
				TEST_HOST = "$(BUILT_PRODUCTS_DIR)/UnifiedAudioQueue.app/$(BUNDLE_EXECUTABLE_FOLDER_PATH)/UnifiedAudioQueue";
			};
			name = Release;
		};
		52AAC5202BA87AB700762CEF /* Debug */ = {
			isa = XCBuildConfiguration;
			buildSettings = {
				ALWAYS_EMBED_SWIFT_STANDARD_LIBRARIES = YES;
				CODE_SIGN_STYLE = Automatic;
				CURRENT_PROJECT_VERSION = 1;
				DEVELOPMENT_TEAM = R83647SJU4;
				GENERATE_INFOPLIST_FILE = YES;
				MARKETING_VERSION = 1.0;
				PRODUCT_BUNDLE_IDENTIFIER = JohnDeLeo.UnifiedAudioQueueUITests;
				PRODUCT_NAME = "$(TARGET_NAME)";
				SWIFT_EMIT_LOC_STRINGS = NO;
				SWIFT_VERSION = 5.0;
				TARGETED_DEVICE_FAMILY = "1,2";
				TEST_TARGET_NAME = UnifiedAudioQueue;
			};
			name = Debug;
		};
		52AAC5212BA87AB700762CEF /* Release */ = {
			isa = XCBuildConfiguration;
			buildSettings = {
				ALWAYS_EMBED_SWIFT_STANDARD_LIBRARIES = YES;
				CODE_SIGN_STYLE = Automatic;
				CURRENT_PROJECT_VERSION = 1;
				DEVELOPMENT_TEAM = R83647SJU4;
				GENERATE_INFOPLIST_FILE = YES;
				MARKETING_VERSION = 1.0;
				PRODUCT_BUNDLE_IDENTIFIER = JohnDeLeo.UnifiedAudioQueueUITests;
				PRODUCT_NAME = "$(TARGET_NAME)";
				SWIFT_EMIT_LOC_STRINGS = NO;
				SWIFT_VERSION = 5.0;
				TARGETED_DEVICE_FAMILY = "1,2";
				TEST_TARGET_NAME = UnifiedAudioQueue;
			};
			name = Release;
		};
/* End XCBuildConfiguration section */

/* Begin XCConfigurationList section */
		52AAC4F02BA87AB500762CEF /* Build configuration list for PBXProject "UnifiedAudioQueue" */ = {
			isa = XCConfigurationList;
			buildConfigurations = (
				52AAC5172BA87AB700762CEF /* Debug */,
				52AAC5182BA87AB700762CEF /* Release */,
			);
			defaultConfigurationIsVisible = 0;
			defaultConfigurationName = Release;
		};
		52AAC5192BA87AB700762CEF /* Build configuration list for PBXNativeTarget "UnifiedAudioQueue" */ = {
			isa = XCConfigurationList;
			buildConfigurations = (
				52AAC51A2BA87AB700762CEF /* Debug */,
				52AAC51B2BA87AB700762CEF /* Release */,
			);
			defaultConfigurationIsVisible = 0;
			defaultConfigurationName = Release;
		};
		52AAC51C2BA87AB700762CEF /* Build configuration list for PBXNativeTarget "UnifiedAudioQueueTests" */ = {
			isa = XCConfigurationList;
			buildConfigurations = (
				52AAC51D2BA87AB700762CEF /* Debug */,
				52AAC51E2BA87AB700762CEF /* Release */,
			);
			defaultConfigurationIsVisible = 0;
			defaultConfigurationName = Release;
		};
		52AAC51F2BA87AB700762CEF /* Build configuration list for PBXNativeTarget "UnifiedAudioQueueUITests" */ = {
			isa = XCConfigurationList;
			buildConfigurations = (
				52AAC5202BA87AB700762CEF /* Debug */,
				52AAC5212BA87AB700762CEF /* Release */,
			);
			defaultConfigurationIsVisible = 0;
			defaultConfigurationName = Release;
		};
/* End XCConfigurationList section */
	};
	rootObject = 52AAC4ED2BA87AB500762CEF /* Project object */;
}
